
Microsoft Visual Studio Solution File, Format Version 12.00
# Visual Studio Version 17
VisualStudioVersion = 17.0.31903.59
MinimumVisualStudioVersion = 10.0.40219.1
Project("{FAE04EC0-301F-11D3-BF4B-00C04F79EFBC}") = "MyRestaurantApp.Api", "MyRestaurantApp.Api\MyRestaurantApp.Api.csproj", "{844FAF1E-1530-4608-853F-8BE8B9B2A563}"
EndProject
Project("{FAE04EC0-301F-11D3-BF4B-00C04F79EFBC}") = "MyRestaurantApp.Infrastructure", "MyRestaurantApp.Infrastructure\MyRestaurantApp.Infrastructure.csproj", "{BFFEED59-C5C1-486D-BF93-FA80B798F6E2}"
EndProject
Project("{FAE04EC0-301F-11D3-BF4B-00C04F79EFBC}") = "MyRestaurantApp.Domain", "MyRestaurantApp.Domain\MyRestaurantApp.Domain.csproj", "{E14FB7A9-0389-4C07-ACDB-748E2AC7CF53}"
EndProject
Global
	GlobalSection(SolutionConfigurationPlatforms) = preSolution
		Debug|Any CPU = Debug|Any CPU
		Debug|x64 = Debug|x64
		Debug|x86 = Debug|x86
		Release|Any CPU = Release|Any CPU
		Release|x64 = Release|x64
		Release|x86 = Release|x86
	EndGlobalSection
	GlobalSection(ProjectConfigurationPlatforms) = postSolution
		{844FAF1E-1530-4608-853F-8BE8B9B2A563}.Debug|Any CPU.ActiveCfg = Debug|Any CPU
		{844FAF1E-1530-4608-853F-8BE8B9B2A563}.Debug|Any CPU.Build.0 = Debug|Any CPU
		{844FAF1E-1530-4608-853F-8BE8B9B2A563}.Debug|x64.ActiveCfg = Debug|Any CPU
		{844FAF1E-1530-4608-853F-8BE8B9B2A563}.Debug|x64.Build.0 = Debug|Any CPU
		{844FAF1E-1530-4608-853F-8BE8B9B2A563}.Debug|x86.ActiveCfg = Debug|Any CPU
		{844FAF1E-1530-4608-853F-8BE8B9B2A563}.Debug|x86.Build.0 = Debug|Any CPU
		{844FAF1E-1530-4608-853F-8BE8B9B2A563}.Release|Any CPU.ActiveCfg = Release|Any CPU
		{844FAF1E-1530-4608-853F-8BE8B9B2A563}.Release|Any CPU.Build.0 = Release|Any CPU
		{844FAF1E-1530-4608-853F-8BE8B9B2A563}.Release|x64.ActiveCfg = Release|Any CPU
		{844FAF1E-1530-4608-853F-8BE8B9B2A563}.Release|x64.Build.0 = Release|Any CPU
		{844FAF1E-1530-4608-853F-8BE8B9B2A563}.Release|x86.ActiveCfg = Release|Any CPU
		{844FAF1E-1530-4608-853F-8BE8B9B2A563}.Release|x86.Build.0 = Release|Any CPU
		{BFFEED59-C5C1-486D-BF93-FA80B798F6E2}.Debug|Any CPU.ActiveCfg = Debug|Any CPU
		{BFFEED59-C5C1-486D-BF93-FA80B798F6E2}.Debug|Any CPU.Build.0 = Debug|Any CPU
		{BFFEED59-C5C1-486D-BF93-FA80B798F6E2}.Debug|x64.ActiveCfg = Debug|Any CPU
		{BFFEED59-C5C1-486D-BF93-FA80B798F6E2}.Debug|x64.Build.0 = Debug|Any CPU
		{BFFEED59-C5C1-486D-BF93-FA80B798F6E2}.Debug|x86.ActiveCfg = Debug|Any CPU
		{BFFEED59-C5C1-486D-BF93-FA80B798F6E2}.Debug|x86.Build.0 = Debug|Any CPU
		{BFFEED59-C5C1-486D-BF93-FA80B798F6E2}.Release|Any CPU.ActiveCfg = Release|Any CPU
		{BFFEED59-C5C1-486D-BF93-FA80B798F6E2}.Release|Any CPU.Build.0 = Release|Any CPU
		{BFFEED59-C5C1-486D-BF93-FA80B798F6E2}.Release|x64.ActiveCfg = Release|Any CPU
		{BFFEED59-C5C1-486D-BF93-FA80B798F6E2}.Release|x64.Build.0 = Release|Any CPU
		{BFFEED59-C5C1-486D-BF93-FA80B798F6E2}.Release|x86.ActiveCfg = Release|Any CPU
		{BFFEED59-C5C1-486D-BF93-FA80B798F6E2}.Release|x86.Build.0 = Release|Any CPU
		{E14FB7A9-0389-4C07-ACDB-748E2AC7CF53}.Debug|Any CPU.ActiveCfg = Debug|Any CPU
		{E14FB7A9-0389-4C07-ACDB-748E2AC7CF53}.Debug|Any CPU.Build.0 = Debug|Any CPU
		{E14FB7A9-0389-4C07-ACDB-748E2AC7CF53}.Debug|x64.ActiveCfg = Debug|Any CPU
		{E14FB7A9-0389-4C07-ACDB-748E2AC7CF53}.Debug|x64.Build.0 = Debug|Any CPU
		{E14FB7A9-0389-4C07-ACDB-748E2AC7CF53}.Debug|x86.ActiveCfg = Debug|Any CPU
		{E14FB7A9-0389-4C07-ACDB-748E2AC7CF53}.Debug|x86.Build.0 = Debug|Any CPU
		{E14FB7A9-0389-4C07-ACDB-748E2AC7CF53}.Release|Any CPU.ActiveCfg = Release|Any CPU
		{E14FB7A9-0389-4C07-ACDB-748E2AC7CF53}.Release|Any CPU.Build.0 = Release|Any CPU
		{E14FB7A9-0389-4C07-ACDB-748E2AC7CF53}.Release|x64.ActiveCfg = Release|Any CPU
		{E14FB7A9-0389-4C07-ACDB-748E2AC7CF53}.Release|x64.Build.0 = Release|Any CPU
		{E14FB7A9-0389-4C07-ACDB-748E2AC7CF53}.Release|x86.ActiveCfg = Release|Any CPU
		{E14FB7A9-0389-4C07-ACDB-748E2AC7CF53}.Release|x86.Build.0 = Release|Any CPU
	EndGlobalSection
	GlobalSection(SolutionProperties) = preSolution
		HideSolutionNode = FALSE
	EndGlobalSection
EndGlobal
